PODS:
  - Alamofire (5.2.2)
  - Kingfisher (5.15.4):
    - Kingfisher/Core (= 5.15.4)
  - Kingfisher/Core (5.15.4)

DEPENDENCIES:
  - Alamofire (~> 5.2)
  - Kingfisher (~> 5.0)

SPEC REPOS:
  trunk:
    - Alamofire
    - Kingfisher

SPEC CHECKSUMS:
  Alamofire: 814429acc853c6c54ff123fc3d2ef66803823ce0
  Kingfisher: 657dc1077e5bbbfff864194c79f29e35b722d062

PODFILE CHECKSUM: 20a88fc05a83b6d7ca7be99deb1b1d4de3428b29

COCOAPODS: 1.10.0
