// !$*UTF8*$!
{
	archiveVersion = 1;
	classes = {
	};
	objectVersion = 50;
	objects = {

/* Begin PBXBuildFile section */
		EB422BEF253FAAB20065207B /* AppDelegate.swift in Sources */ = {isa = PBXBuildFile; fileRef = EB422BEE253FAAB20065207B /* AppDelegate.swift */; };
		EB422BF1253FAAB20065207B /* SceneDelegate.swift in Sources */ = {isa = PBXBuildFile; fileRef = EB422BF0253FAAB20065207B /* SceneDelegate.swift */; };
		EB422BF3253FAAB20065207B /* ViewController.swift in Sources */ = {isa = PBXBuildFile; fileRef = EB422BF2253FAAB20065207B /* ViewController.swift */; };
		EB422BF6253FAAB20065207B /* Main.storyboard in Resources */ = {isa = PBXBuildFile; fileRef = EB422BF4253FAAB20065207B /* Main.storyboard */; };
		EB422BF8253FAAB50065207B /* Assets.xcassets in Resources */ = {isa = PBXBuildFile; fileRef = EB422BF7253FAAB50065207B /* Assets.xcassets */; };
		EB422BFB253FAAB50065207B /* LaunchScreen.storyboard in Resources */ = {isa = PBXBuildFile; fileRef = EB422BF9253FAAB50065207B /* LaunchScreen.storyboard */; };
		EBFAA8BD2543DB2400357D48 /* OptionViewController.swift in Sources */ = {isa = PBXBuildFile; fileRef = EBFAA8BC2543DB2400357D48 /* OptionViewController.swift */; };
		EBFAA8BF2543DB3C00357D48 /* Option.storyboard in Resources */ = {isa = PBXBuildFile; fileRef = EBFAA8BE2543DB3C00357D48 /* Option.storyboard */; };
/* End PBXBuildFile section */

/* Begin PBXFileReference section */
		EB422BEB253FAAB20065207B /* Closure.app */ = {isa = PBXFileReference; explicitFileType = wrapper.application; includeInIndex = 0; path = Closure.app; sourceTree = BUILT_PRODUCTS_DIR; };
		EB422BEE253FAAB20065207B /* AppDelegate.swift */ = {isa = PBXFileReference; lastKnownFileType = sourcecode.swift; path = AppDelegate.swift; sourceTree = "<group>"; };
		EB422BF0253FAAB20065207B /* SceneDelegate.swift */ = {isa = PBXFileReference; lastKnownFileType = sourcecode.swift; path = SceneDelegate.swift; sourceTree = "<group>"; };
		EB422BF2253FAAB20065207B /* ViewController.swift */ = {isa = PBXFileReference; lastKnownFileType = sourcecode.swift; path = ViewController.swift; sourceTree = "<group>"; };
		EB422BF5253FAAB20065207B /* Base */ = {isa = PBXFileReference; lastKnownFileType = file.storyboard; name = Base; path = Base.lproj/Main.storyboard; sourceTree = "<group>"; };
		EB422BF7253FAAB50065207B /* Assets.xcassets */ = {isa = PBXFileReference; lastKnownFileType = folder.assetcatalog; path = Assets.xcassets; sourceTree = "<group>"; };
		EB422BFA253FAAB50065207B /* Base */ = {isa = PBXFileReference; lastKnownFileType = file.storyboard; name = Base; path = Base.lproj/LaunchScreen.storyboard; sourceTree = "<group>"; };
		EB422BFC253FAAB50065207B /* Info.plist */ = {isa = PBXFileReference; lastKnownFileType = text.plist.xml; path = Info.plist; sourceTree = "<group>"; };
		EBFAA8BC2543DB2400357D48 /* OptionViewController.swift */ = {isa = PBXFileReference; lastKnownFileType = sourcecode.swift; path = OptionViewController.swift; sourceTree = "<group>"; };
		EBFAA8BE2543DB3C00357D48 /* Option.storyboard */ = {isa = PBXFileReference; lastKnownFileType = file.storyboard; path = Option.storyboard; sourceTree = "<group>"; };
/* End PBXFileReference section */

/* Begin PBXFrameworksBuildPhase section */
		EB422BE8253FAAB20065207B /* Frameworks */ = {
			isa = PBXFrameworksBuildPhase;
			buildActionMask = 2147483647;
			files = (
			);
			runOnlyForDeploymentPostprocessing = 0;
		};
/* End PBXFrameworksBuildPhase section */

/* Begin PBXGroup section */
		EB422BE2253FAAB20065207B = {
			isa = PBXGroup;
			children = (
				EB422BED253FAAB20065207B /* Closure */,
				EB422BEC253FAAB20065207B /* Products */,
			);
			sourceTree = "<group>";
		};
		EB422BEC253FAAB20065207B /* Products */ = {
			isa = PBXGroup;
			children = (
				EB422BEB253FAAB20065207B /* Closure.app */,
			);
			name = Products;
			sourceTree = "<group>";
		};
		EB422BED253FAAB20065207B /* Closure */ = {
			isa = PBXGroup;
			children = (
				EB422BEE253FAAB20065207B /* AppDelegate.swift */,
				EB422BF0253FAAB20065207B /* SceneDelegate.swift */,
				EB422BF2253FAAB20065207B /* ViewController.swift */,
				EB422BF4253FAAB20065207B /* Main.storyboard */,
				EBFAA8BC2543DB2400357D48 /* OptionViewController.swift */,
				EBFAA8BE2543DB3C00357D48 /* Option.storyboard */,
				EB422BF7253FAAB50065207B /* Assets.xcassets */,
				EB422BF9253FAAB50065207B /* LaunchScreen.storyboard */,
				EB422BFC253FAAB50065207B /* Info.plist */,
			);
			path = Closure;
			sourceTree = "<group>";
		};
/* End PBXGroup section */

/* Begin PBXNativeTarget section */
		EB422BEA253FAAB20065207B /* Closure */ = {
			isa = PBXNativeTarget;
			buildConfigurationList = EB422BFF253FAAB50065207B /* Build configuration list for PBXNativeTarget "Closure" */;
			buildPhases = (
				EB422BE7253FAAB20065207B /* Sources */,
				EB422BE8253FAAB20065207B /* Frameworks */,
				EB422BE9253FAAB20065207B /* Resources */,
			);
			buildRules = (
			);
			dependencies = (
			);
			name = Closure;
			productName = Closure;
			productReference = EB422BEB253FAAB20065207B /* Closure.app */;
			productType = "com.apple.product-type.application";
		};
/* End PBXNativeTarget section */

/* Begin PBXProject section */
		EB422BE3253FAAB20065207B /* Project object */ = {
			isa = PBXProject;
			attributes = {
				LastSwiftUpdateCheck = 1170;
				LastUpgradeCheck = 1170;
				ORGANIZATIONNAME = "Glayce Kelly";
				TargetAttributes = {
					EB422BEA253FAAB20065207B = {
						CreatedOnToolsVersion = 11.7;
					};
				};
			};
			buildConfigurationList = EB422BE6253FAAB20065207B /* Build configuration list for PBXProject "Closure" */;
			compatibilityVersion = "Xcode 9.3";
			developmentRegion = en;
			hasScannedForEncodings = 0;
			knownRegions = (
				en,
				Base,
			);
			mainGroup = EB422BE2253FAAB20065207B;
			productRefGroup = EB422BEC253FAAB20065207B /* Products */;
			projectDirPath = "";
			projectRoot = "";
			targets = (
				EB422BEA253FAAB20065207B /* Closure */,
			);
		};
/* End PBXProject section */

/* Begin PBXResourcesBuildPhase section */
		EB422BE9253FAAB20065207B /* Resources */ = {
			isa = PBXResourcesBuildPhase;
			buildActionMask = 2147483647;
			files = (
				EB422BFB253FAAB50065207B /* LaunchScreen.storyboard in Resources */,
				EBFAA8BF2543DB3C00357D48 /* Option.storyboard in Resources */,
				EB422BF8253FAAB50065207B /* Assets.xcassets in Resources */,
				EB422BF6253FAAB20065207B /* Main.storyboard in Resources */,
			);
			runOnlyForDeploymentPostprocessing = 0;
		};
/* End PBXResourcesBuildPhase section */

/* Begin PBXSourcesBuildPhase section */
		EB422BE7253FAAB20065207B /* Sources */ = {
			isa = PBXSourcesBuildPhase;
			buildActionMask = 2147483647;
			files = (
				EB422BF3253FAAB20065207B /* ViewController.swift in Sources */,
				EBFAA8BD2543DB2400357D48 /* OptionViewController.swift in Sources */,
				EB422BEF253FAAB20065207B /* AppDelegate.swift in Sources */,
				EB422BF1253FAAB20065207B /* SceneDelegate.swift in Sources */,
			);
			runOnlyForDeploymentPostprocessing = 0;
		};
/* End PBXSourcesBuildPhase section */

/* Begin PBXVariantGroup section */
		EB422BF4253FAAB20065207B /* Main.storyboard */ = {
			isa = PBXVariantGroup;
			children = (
				EB422BF5253FAAB20065207B /* Base */,
			);
			name = Main.storyboard;
			sourceTree = "<group>";
		};
		EB422BF9253FAAB50065207B /* LaunchScreen.storyboard */ = {
			isa = PBXVariantGroup;
			children = (
				EB422BFA253FAAB50065207B /* Base */,
			);
			name = LaunchScreen.storyboard;
			sourceTree = "<group>";
		};
/* End PBXVariantGroup section */

/* Begin XCBuildConfiguration section */
		EB422BFD253FAAB50065207B /* Debug */ = {
			isa = XCBuildConfiguration;
			buildSettings = {
				ALWAYS_SEARCH_USER_PATHS = NO;
				CLANG_ANALYZER_NONNULL = YES;
				CLANG_ANALYZER_NUMBER_OBJECT_CONVERSION = YES_AGGRESSIVE;
				CLANG_CXX_LANGUAGE_STANDARD = "gnu++14";
				CLANG_CXX_LIBRARY = "libc++";
				CLANG_ENABLE_MODULES = YES;
				CLANG_ENABLE_OBJC_ARC = YES;
				CLANG_ENABLE_OBJC_WEAK = YES;
				CLANG_WARN_BLOCK_CAPTURE_AUTORELEASING = YES;
				CLANG_WARN_BOOL_CONVERSION = YES;
				CLANG_WARN_COMMA = YES;
				CLANG_WARN_CONSTANT_CONVERSION = YES;
				CLANG_WARN_DEPRECATED_OBJC_IMPLEMENTATIONS = YES;
				CLANG_WARN_DIRECT_OBJC_ISA_USAGE = YES_ERROR;
				CLANG_WARN_DOCUMENTATION_COMMENTS = YES;
				CLANG_WARN_EMPTY_BODY = YES;
				CLANG_WARN_ENUM_CONVERSION = YES;
				CLANG_WARN_INFINITE_RECURSION = YES;
				CLANG_WARN_INT_CONVERSION = YES;
				CLANG_WARN_NON_LITERAL_NULL_CONVERSION = YES;
				CLANG_WARN_OBJC_IMPLICIT_RETAIN_SELF = YES;
				CLANG_WARN_OBJC_LITERAL_CONVERSION = YES;
				CLANG_WARN_OBJC_ROOT_CLASS = YES_ERROR;
				CLANG_WARN_RANGE_LOOP_ANALYSIS = YES;
				CLANG_WARN_STRICT_PROTOTYPES = YES;
				CLANG_WARN_SUSPICIOUS_MOVE = YES;
				CLANG_WARN_UNGUARDED_AVAILABILITY = YES_AGGRESSIVE;
				CLANG_WARN_UNREACHABLE_CODE = YES;
				CLANG_WARN__DUPLICATE_METHOD_MATCH = YES;
				COPY_PHASE_STRIP = NO;
				DEBUG_INFORMATION_FORMAT = dwarf;
				ENABLE_STRICT_OBJC_MSGSEND = YES;
				ENABLE_TESTABILITY = YES;
				GCC_C_LANGUAGE_STANDARD = gnu11;
				GCC_DYNAMIC_NO_PIC = NO;
				GCC_NO_COMMON_BLOCKS = YES;
				GCC_OPTIMIZATION_LEVEL = 0;
				GCC_PREPROCESSOR_DEFINITIONS = (
					"DEBUG=1",
					"$(inherited)",
				);
				GCC_WARN_64_TO_32_BIT_CONVERSION = YES;
				GCC_WARN_ABOUT_RETURN_TYPE = YES_ERROR;
				GCC_WARN_UNDECLARED_SELECTOR = YES;
				GCC_WARN_UNINITIALIZED_AUTOS = YES_AGGRESSIVE;
				GCC_WARN_UNUSED_FUNCTION = YES;
				GCC_WARN_UNUSED_VARIABLE = YES;
				IPHONEOS_DEPLOYMENT_TARGET = 13.7;
				MTL_ENABLE_DEBUG_INFO = INCLUDE_SOURCE;
				MTL_FAST_MATH = YES;
				ONLY_ACTIVE_ARCH = YES;
				SDKROOT = iphoneos;
				SWIFT_ACTIVE_COMPILATION_CONDITIONS = DEBUG;
				SWIFT_OPTIMIZATION_LEVEL = "-Onone";
			};
			name = Debug;
		};
		EB422BFE253FAAB50065207B /* Release */ = {
			isa = XCBuildConfiguration;
			buildSettings = {
				ALWAYS_SEARCH_USER_PATHS = NO;
				CLANG_ANALYZER_NONNULL = YES;
				CLANG_ANALYZER_NUMBER_OBJECT_CONVERSION = YES_AGGRESSIVE;
				CLANG_CXX_LANGUAGE_STANDARD = "gnu++14";
				CLANG_CXX_LIBRARY = "libc++";
				CLANG_ENABLE_MODULES = YES;
				CLANG_ENABLE_OBJC_ARC = YES;
				CLANG_ENABLE_OBJC_WEAK = YES;
				CLANG_WARN_BLOCK_CAPTURE_AUTORELEASING = YES;
				CLANG_WARN_BOOL_CONVERSION = YES;
				CLANG_WARN_COMMA = YES;
				CLANG_WARN_CONSTANT_CONVERSION = YES;
				CLANG_WARN_DEPRECATED_OBJC_IMPLEMENTATIONS = YES;
				CLANG_WARN_DIRECT_OBJC_ISA_USAGE = YES_ERROR;
				CLANG_WARN_DOCUMENTATION_COMMENTS = YES;
				CLANG_WARN_EMPTY_BODY = YES;
				CLANG_WARN_ENUM_CONVERSION = YES;
				CLANG_WARN_INFINITE_RECURSION = YES;
				CLANG_WARN_INT_CONVERSION = YES;
				CLANG_WARN_NON_LITERAL_NULL_CONVERSION = YES;
				CLANG_WARN_OBJC_IMPLICIT_RETAIN_SELF = YES;
				CLANG_WARN_OBJC_LITERAL_CONVERSION = YES;
				CLANG_WARN_OBJC_ROOT_CLASS = YES_ERROR;
				CLANG_WARN_RANGE_LOOP_ANALYSIS = YES;
				CLANG_WARN_STRICT_PROTOTYPES = YES;
				CLANG_WARN_SUSPICIOUS_MOVE = YES;
				CLANG_WARN_UNGUARDED_AVAILABILITY = YES_AGGRESSIVE;
				CLANG_WARN_UNREACHABLE_CODE = YES;
				CLANG_WARN__DUPLICATE_METHOD_MATCH = YES;
				COPY_PHASE_STRIP = NO;
				DEBUG_INFORMATION_FORMAT = "dwarf-with-dsym";
				ENABLE_NS_ASSERTIONS = NO;
				ENABLE_STRICT_OBJC_MSGSEND = YES;
				GCC_C_LANGUAGE_STANDARD = gnu11;
				GCC_NO_COMMON_BLOCKS = YES;
				GCC_WARN_64_TO_32_BIT_CONVERSION = YES;
				GCC_WARN_ABOUT_RETURN_TYPE = YES_ERROR;
				GCC_WARN_UNDECLARED_SELECTOR = YES;
				GCC_WARN_UNINITIALIZED_AUTOS = YES_AGGRESSIVE;
				GCC_WARN_UNUSED_FUNCTION = YES;
				GCC_WARN_UNUSED_VARIABLE = YES;
				IPHONEOS_DEPLOYMENT_TARGET = 13.7;
				MTL_ENABLE_DEBUG_INFO = NO;
				MTL_FAST_MATH = YES;
				SDKROOT = iphoneos;
				SWIFT_COMPILATION_MODE = wholemodule;
				SWIFT_OPTIMIZATION_LEVEL = "-O";
				VALIDATE_PRODUCT = YES;
			};
			name = Release;
		};
		EB422C00253FAAB50065207B /* Debug */ = {
			isa = XCBuildConfiguration;
			buildSettings = {
				ASSETCATALOG_COMPILER_APPICON_NAME = AppIcon;
				CODE_SIGN_STYLE = Automatic;
				INFOPLIST_FILE = Closure/Info.plist;
				LD_RUNPATH_SEARCH_PATHS = (
					"$(inherited)",
					"@executable_path/Frameworks",
				);
				PRODUCT_BUNDLE_IDENTIFIER = com.teste.Closure;
				PRODUCT_NAME = "$(TARGET_NAME)";
				SWIFT_VERSION = 5.0;
				TARGETED_DEVICE_FAMILY = "1,2";
			};
			name = Debug;
		};
		EB422C01253FAAB50065207B /* Release */ = {
			isa = XCBuildConfiguration;
			buildSettings = {
				ASSETCATALOG_COMPILER_APPICON_NAME = AppIcon;
				CODE_SIGN_STYLE = Automatic;
				INFOPLIST_FILE = Closure/Info.plist;
				LD_RUNPATH_SEARCH_PATHS = (
					"$(inherited)",
					"@executable_path/Frameworks",
				);
				PRODUCT_BUNDLE_IDENTIFIER = com.teste.Closure;
				PRODUCT_NAME = "$(TARGET_NAME)";
				SWIFT_VERSION = 5.0;
				TARGETED_DEVICE_FAMILY = "1,2";
			};
			name = Release;
		};
/* End XCBuildConfiguration section */

/* Begin XCConfigurationList section */
		EB422BE6253FAAB20065207B /* Build configuration list for PBXProject "Closure" */ = {
			isa = XCConfigurationList;
			buildConfigurations = (
				EB422BFD253FAAB50065207B /* Debug */,
				EB422BFE253FAAB50065207B /* Release */,
			);
			defaultConfigurationIsVisible = 0;
			defaultConfigurationName = Release;
		};
		EB422BFF253FAAB50065207B /* Build configuration list for PBXNativeTarget "Closure" */ = {
			isa = XCConfigurationList;
			buildConfigurations = (
				EB422C00253FAAB50065207B /* Debug */,
				EB422C01253FAAB50065207B /* Release */,
			);
			defaultConfigurationIsVisible = 0;
			defaultConfigurationName = Release;
		};
/* End XCConfigurationList section */
	};
	rootObject = EB422BE3253FAAB20065207B /* Project object */;
}
