// !$*UTF8*$!
{
	archiveVersion = 1;
	classes = {
	};
	objectVersion = 50;
	objects = {

/* Begin PBXBuildFile section */
		EBBE6C5525660C85005BD93F /* AppDelegate.swift in Sources */ = {isa = PBXBuildFile; fileRef = EBBE6C5425660C85005BD93F /* AppDelegate.swift */; };
		EBBE6C5725660C85005BD93F /* SceneDelegate.swift in Sources */ = {isa = PBXBuildFile; fileRef = EBBE6C5625660C85005BD93F /* SceneDelegate.swift */; };
		EBBE6C5925660C85005BD93F /* ViewController.swift in Sources */ = {isa = PBXBuildFile; fileRef = EBBE6C5825660C85005BD93F /* ViewController.swift */; };
		EBBE6C5C25660C85005BD93F /* Main.storyboard in Resources */ = {isa = PBXBuildFile; fileRef = EBBE6C5A25660C85005BD93F /* Main.storyboard */; };
		EBBE6C5E25660C89005BD93F /* Assets.xcassets in Resources */ = {isa = PBXBuildFile; fileRef = EBBE6C5D25660C89005BD93F /* Assets.xcassets */; };
		EBBE6C6125660C89005BD93F /* LaunchScreen.storyboard in Resources */ = {isa = PBXBuildFile; fileRef = EBBE6C5F25660C89005BD93F /* LaunchScreen.storyboard */; };
		EBBE6C6B25660E48005BD93F /* CustomLocation.swift in Sources */ = {isa = PBXBuildFile; fileRef = EBBE6C6A25660E48005BD93F /* CustomLocation.swift */; };
/* End PBXBuildFile section */

/* Begin PBXFileReference section */
		EBBE6C5125660C85005BD93F /* FilterMapKit.app */ = {isa = PBXFileReference; explicitFileType = wrapper.application; includeInIndex = 0; path = FilterMapKit.app; sourceTree = BUILT_PRODUCTS_DIR; };
		EBBE6C5425660C85005BD93F /* AppDelegate.swift */ = {isa = PBXFileReference; lastKnownFileType = sourcecode.swift; path = AppDelegate.swift; sourceTree = "<group>"; };
		EBBE6C5625660C85005BD93F /* SceneDelegate.swift */ = {isa = PBXFileReference; lastKnownFileType = sourcecode.swift; path = SceneDelegate.swift; sourceTree = "<group>"; };
		EBBE6C5825660C85005BD93F /* ViewController.swift */ = {isa = PBXFileReference; lastKnownFileType = sourcecode.swift; path = ViewController.swift; sourceTree = "<group>"; };
		EBBE6C5B25660C85005BD93F /* Base */ = {isa = PBXFileReference; lastKnownFileType = file.storyboard; name = Base; path = Base.lproj/Main.storyboard; sourceTree = "<group>"; };
		EBBE6C5D25660C89005BD93F /* Assets.xcassets */ = {isa = PBXFileReference; lastKnownFileType = folder.assetcatalog; path = Assets.xcassets; sourceTree = "<group>"; };
		EBBE6C6025660C89005BD93F /* Base */ = {isa = PBXFileReference; lastKnownFileType = file.storyboard; name = Base; path = Base.lproj/LaunchScreen.storyboard; sourceTree = "<group>"; };
		EBBE6C6225660C89005BD93F /* Info.plist */ = {isa = PBXFileReference; lastKnownFileType = text.plist.xml; path = Info.plist; sourceTree = "<group>"; };
		EBBE6C6A25660E48005BD93F /* CustomLocation.swift */ = {isa = PBXFileReference; lastKnownFileType = sourcecode.swift; path = CustomLocation.swift; sourceTree = "<group>"; };
/* End PBXFileReference section */

/* Begin PBXFrameworksBuildPhase section */
		EBBE6C4E25660C85005BD93F /* Frameworks */ = {
			isa = PBXFrameworksBuildPhase;
			buildActionMask = 2147483647;
			files = (
			);
			runOnlyForDeploymentPostprocessing = 0;
		};
/* End PBXFrameworksBuildPhase section */

/* Begin PBXGroup section */
		EBBE6C4825660C85005BD93F = {
			isa = PBXGroup;
			children = (
				EBBE6C5325660C85005BD93F /* FilterMapKit */,
				EBBE6C5225660C85005BD93F /* Products */,
			);
			sourceTree = "<group>";
		};
		EBBE6C5225660C85005BD93F /* Products */ = {
			isa = PBXGroup;
			children = (
				EBBE6C5125660C85005BD93F /* FilterMapKit.app */,
			);
			name = Products;
			sourceTree = "<group>";
		};
		EBBE6C5325660C85005BD93F /* FilterMapKit */ = {
			isa = PBXGroup;
			children = (
				EBBE6C5425660C85005BD93F /* AppDelegate.swift */,
				EBBE6C5625660C85005BD93F /* SceneDelegate.swift */,
				EBBE6C5825660C85005BD93F /* ViewController.swift */,
				EBBE6C6A25660E48005BD93F /* CustomLocation.swift */,
				EBBE6C5A25660C85005BD93F /* Main.storyboard */,
				EBBE6C5D25660C89005BD93F /* Assets.xcassets */,
				EBBE6C5F25660C89005BD93F /* LaunchScreen.storyboard */,
				EBBE6C6225660C89005BD93F /* Info.plist */,
			);
			path = FilterMapKit;
			sourceTree = "<group>";
		};
/* End PBXGroup section */

/* Begin PBXNativeTarget section */
		EBBE6C5025660C85005BD93F /* FilterMapKit */ = {
			isa = PBXNativeTarget;
			buildConfigurationList = EBBE6C6525660C89005BD93F /* Build configuration list for PBXNativeTarget "FilterMapKit" */;
			buildPhases = (
				EBBE6C4D25660C85005BD93F /* Sources */,
				EBBE6C4E25660C85005BD93F /* Frameworks */,
				EBBE6C4F25660C85005BD93F /* Resources */,
			);
			buildRules = (
			);
			dependencies = (
			);
			name = FilterMapKit;
			productName = FilterMapKit;
			productReference = EBBE6C5125660C85005BD93F /* FilterMapKit.app */;
			productType = "com.apple.product-type.application";
		};
/* End PBXNativeTarget section */

/* Begin PBXProject section */
		EBBE6C4925660C85005BD93F /* Project object */ = {
			isa = PBXProject;
			attributes = {
				LastSwiftUpdateCheck = 1220;
				LastUpgradeCheck = 1220;
				TargetAttributes = {
					EBBE6C5025660C85005BD93F = {
						CreatedOnToolsVersion = 12.2;
					};
				};
			};
			buildConfigurationList = EBBE6C4C25660C85005BD93F /* Build configuration list for PBXProject "FilterMapKit" */;
			compatibilityVersion = "Xcode 9.3";
			developmentRegion = en;
			hasScannedForEncodings = 0;
			knownRegions = (
				en,
				Base,
			);
			mainGroup = EBBE6C4825660C85005BD93F;
			productRefGroup = EBBE6C5225660C85005BD93F /* Products */;
			projectDirPath = "";
			projectRoot = "";
			targets = (
				EBBE6C5025660C85005BD93F /* FilterMapKit */,
			);
		};
/* End PBXProject section */

/* Begin PBXResourcesBuildPhase section */
		EBBE6C4F25660C85005BD93F /* Resources */ = {
			isa = PBXResourcesBuildPhase;
			buildActionMask = 2147483647;
			files = (
				EBBE6C6125660C89005BD93F /* LaunchScreen.storyboard in Resources */,
				EBBE6C5E25660C89005BD93F /* Assets.xcassets in Resources */,
				EBBE6C5C25660C85005BD93F /* Main.storyboard in Resources */,
			);
			runOnlyForDeploymentPostprocessing = 0;
		};
/* End PBXResourcesBuildPhase section */

/* Begin PBXSourcesBuildPhase section */
		EBBE6C4D25660C85005BD93F /* Sources */ = {
			isa = PBXSourcesBuildPhase;
			buildActionMask = 2147483647;
			files = (
				EBBE6C5925660C85005BD93F /* ViewController.swift in Sources */,
				EBBE6C5525660C85005BD93F /* AppDelegate.swift in Sources */,
				EBBE6C5725660C85005BD93F /* SceneDelegate.swift in Sources */,
				EBBE6C6B25660E48005BD93F /* CustomLocation.swift in Sources */,
			);
			runOnlyForDeploymentPostprocessing = 0;
		};
/* End PBXSourcesBuildPhase section */

/* Begin PBXVariantGroup section */
		EBBE6C5A25660C85005BD93F /* Main.storyboard */ = {
			isa = PBXVariantGroup;
			children = (
				EBBE6C5B25660C85005BD93F /* Base */,
			);
			name = Main.storyboard;
			sourceTree = "<group>";
		};
		EBBE6C5F25660C89005BD93F /* LaunchScreen.storyboard */ = {
			isa = PBXVariantGroup;
			children = (
				EBBE6C6025660C89005BD93F /* Base */,
			);
			name = LaunchScreen.storyboard;
			sourceTree = "<group>";
		};
/* End PBXVariantGroup section */

/* Begin XCBuildConfiguration section */
		EBBE6C6325660C89005BD93F /* Debug */ = {
			isa = XCBuildConfiguration;
			buildSettings = {
				ALWAYS_SEARCH_USER_PATHS = NO;
				CLANG_ANALYZER_NONNULL = YES;
				CLANG_ANALYZER_NUMBER_OBJECT_CONVERSION = YES_AGGRESSIVE;
				CLANG_CXX_LANGUAGE_STANDARD = "gnu++14";
				CLANG_CXX_LIBRARY = "libc++";
				CLANG_ENABLE_MODULES = YES;
				CLANG_ENABLE_OBJC_ARC = YES;
				CLANG_ENABLE_OBJC_WEAK = YES;
				CLANG_WARN_BLOCK_CAPTURE_AUTORELEASING = YES;
				CLANG_WARN_BOOL_CONVERSION = YES;
				CLANG_WARN_COMMA = YES;
				CLANG_WARN_CONSTANT_CONVERSION = YES;
				CLANG_WARN_DEPRECATED_OBJC_IMPLEMENTATIONS = YES;
				CLANG_WARN_DIRECT_OBJC_ISA_USAGE = YES_ERROR;
				CLANG_WARN_DOCUMENTATION_COMMENTS = YES;
				CLANG_WARN_EMPTY_BODY = YES;
				CLANG_WARN_ENUM_CONVERSION = YES;
				CLANG_WARN_INFINITE_RECURSION = YES;
				CLANG_WARN_INT_CONVERSION = YES;
				CLANG_WARN_NON_LITERAL_NULL_CONVERSION = YES;
				CLANG_WARN_OBJC_IMPLICIT_RETAIN_SELF = YES;
				CLANG_WARN_OBJC_LITERAL_CONVERSION = YES;
				CLANG_WARN_OBJC_ROOT_CLASS = YES_ERROR;
				CLANG_WARN_QUOTED_INCLUDE_IN_FRAMEWORK_HEADER = YES;
				CLANG_WARN_RANGE_LOOP_ANALYSIS = YES;
				CLANG_WARN_STRICT_PROTOTYPES = YES;
				CLANG_WARN_SUSPICIOUS_MOVE = YES;
				CLANG_WARN_UNGUARDED_AVAILABILITY = YES_AGGRESSIVE;
				CLANG_WARN_UNREACHABLE_CODE = YES;
				CLANG_WARN__DUPLICATE_METHOD_MATCH = YES;
				COPY_PHASE_STRIP = NO;
				DEBUG_INFORMATION_FORMAT = dwarf;
				ENABLE_STRICT_OBJC_MSGSEND = YES;
				ENABLE_TESTABILITY = YES;
				GCC_C_LANGUAGE_STANDARD = gnu11;
				GCC_DYNAMIC_NO_PIC = NO;
				GCC_NO_COMMON_BLOCKS = YES;
				GCC_OPTIMIZATION_LEVEL = 0;
				GCC_PREPROCESSOR_DEFINITIONS = (
					"DEBUG=1",
					"$(inherited)",
				);
				GCC_WARN_64_TO_32_BIT_CONVERSION = YES;
				GCC_WARN_ABOUT_RETURN_TYPE = YES_ERROR;
				GCC_WARN_UNDECLARED_SELECTOR = YES;
				GCC_WARN_UNINITIALIZED_AUTOS = YES_AGGRESSIVE;
				GCC_WARN_UNUSED_FUNCTION = YES;
				GCC_WARN_UNUSED_VARIABLE = YES;
				IPHONEOS_DEPLOYMENT_TARGET = 14.2;
				MTL_ENABLE_DEBUG_INFO = INCLUDE_SOURCE;
				MTL_FAST_MATH = YES;
				ONLY_ACTIVE_ARCH = YES;
				SDKROOT = iphoneos;
				SWIFT_ACTIVE_COMPILATION_CONDITIONS = DEBUG;
				SWIFT_OPTIMIZATION_LEVEL = "-Onone";
			};
			name = Debug;
		};
		EBBE6C6425660C89005BD93F /* Release */ = {
			isa = XCBuildConfiguration;
			buildSettings = {
				ALWAYS_SEARCH_USER_PATHS = NO;
				CLANG_ANALYZER_NONNULL = YES;
				CLANG_ANALYZER_NUMBER_OBJECT_CONVERSION = YES_AGGRESSIVE;
				CLANG_CXX_LANGUAGE_STANDARD = "gnu++14";
				CLANG_CXX_LIBRARY = "libc++";
				CLANG_ENABLE_MODULES = YES;
				CLANG_ENABLE_OBJC_ARC = YES;
				CLANG_ENABLE_OBJC_WEAK = YES;
				CLANG_WARN_BLOCK_CAPTURE_AUTORELEASING = YES;
				CLANG_WARN_BOOL_CONVERSION = YES;
				CLANG_WARN_COMMA = YES;
				CLANG_WARN_CONSTANT_CONVERSION = YES;
				CLANG_WARN_DEPRECATED_OBJC_IMPLEMENTATIONS = YES;
				CLANG_WARN_DIRECT_OBJC_ISA_USAGE = YES_ERROR;
				CLANG_WARN_DOCUMENTATION_COMMENTS = YES;
				CLANG_WARN_EMPTY_BODY = YES;
				CLANG_WARN_ENUM_CONVERSION = YES;
				CLANG_WARN_INFINITE_RECURSION = YES;
				CLANG_WARN_INT_CONVERSION = YES;
				CLANG_WARN_NON_LITERAL_NULL_CONVERSION = YES;
				CLANG_WARN_OBJC_IMPLICIT_RETAIN_SELF = YES;
				CLANG_WARN_OBJC_LITERAL_CONVERSION = YES;
				CLANG_WARN_OBJC_ROOT_CLASS = YES_ERROR;
				CLANG_WARN_QUOTED_INCLUDE_IN_FRAMEWORK_HEADER = YES;
				CLANG_WARN_RANGE_LOOP_ANALYSIS = YES;
				CLANG_WARN_STRICT_PROTOTYPES = YES;
				CLANG_WARN_SUSPICIOUS_MOVE = YES;
				CLANG_WARN_UNGUARDED_AVAILABILITY = YES_AGGRESSIVE;
				CLANG_WARN_UNREACHABLE_CODE = YES;
				CLANG_WARN__DUPLICATE_METHOD_MATCH = YES;
				COPY_PHASE_STRIP = NO;
				DEBUG_INFORMATION_FORMAT = "dwarf-with-dsym";
				ENABLE_NS_ASSERTIONS = NO;
				ENABLE_STRICT_OBJC_MSGSEND = YES;
				GCC_C_LANGUAGE_STANDARD = gnu11;
				GCC_NO_COMMON_BLOCKS = YES;
				GCC_WARN_64_TO_32_BIT_CONVERSION = YES;
				GCC_WARN_ABOUT_RETURN_TYPE = YES_ERROR;
				GCC_WARN_UNDECLARED_SELECTOR = YES;
				GCC_WARN_UNINITIALIZED_AUTOS = YES_AGGRESSIVE;
				GCC_WARN_UNUSED_FUNCTION = YES;
				GCC_WARN_UNUSED_VARIABLE = YES;
				IPHONEOS_DEPLOYMENT_TARGET = 14.2;
				MTL_ENABLE_DEBUG_INFO = NO;
				MTL_FAST_MATH = YES;
				SDKROOT = iphoneos;
				SWIFT_COMPILATION_MODE = wholemodule;
				SWIFT_OPTIMIZATION_LEVEL = "-O";
				VALIDATE_PRODUCT = YES;
			};
			name = Release;
		};
		EBBE6C6625660C89005BD93F /* Debug */ = {
			isa = XCBuildConfiguration;
			buildSettings = {
				ASSETCATALOG_COMPILER_APPICON_NAME = AppIcon;
				ASSETCATALOG_COMPILER_GLOBAL_ACCENT_COLOR_NAME = AccentColor;
				CODE_SIGN_STYLE = Automatic;
				DEVELOPMENT_TEAM = 9AJW3KNVXZ;
				INFOPLIST_FILE = FilterMapKit/Info.plist;
				IPHONEOS_DEPLOYMENT_TARGET = 13.5;
				LD_RUNPATH_SEARCH_PATHS = (
					"$(inherited)",
					"@executable_path/Frameworks",
				);
				PRODUCT_BUNDLE_IDENTIFIER = com.teste.FilterMapKit;
				PRODUCT_NAME = "$(TARGET_NAME)";
				SWIFT_VERSION = 5.0;
				TARGETED_DEVICE_FAMILY = 1;
			};
			name = Debug;
		};
		EBBE6C6725660C89005BD93F /* Release */ = {
			isa = XCBuildConfiguration;
			buildSettings = {
				ASSETCATALOG_COMPILER_APPICON_NAME = AppIcon;
				ASSETCATALOG_COMPILER_GLOBAL_ACCENT_COLOR_NAME = AccentColor;
				CODE_SIGN_STYLE = Automatic;
				DEVELOPMENT_TEAM = 9AJW3KNVXZ;
				INFOPLIST_FILE = FilterMapKit/Info.plist;
				IPHONEOS_DEPLOYMENT_TARGET = 13.5;
				LD_RUNPATH_SEARCH_PATHS = (
					"$(inherited)",
					"@executable_path/Frameworks",
				);
				PRODUCT_BUNDLE_IDENTIFIER = com.teste.FilterMapKit;
				PRODUCT_NAME = "$(TARGET_NAME)";
				SWIFT_VERSION = 5.0;
				TARGETED_DEVICE_FAMILY = 1;
			};
			name = Release;
		};
/* End XCBuildConfiguration section */

/* Begin XCConfigurationList section */
		EBBE6C4C25660C85005BD93F /* Build configuration list for PBXProject "FilterMapKit" */ = {
			isa = XCConfigurationList;
			buildConfigurations = (
				EBBE6C6325660C89005BD93F /* Debug */,
				EBBE6C6425660C89005BD93F /* Release */,
			);
			defaultConfigurationIsVisible = 0;
			defaultConfigurationName = Release;
		};
		EBBE6C6525660C89005BD93F /* Build configuration list for PBXNativeTarget "FilterMapKit" */ = {
			isa = XCConfigurationList;
			buildConfigurations = (
				EBBE6C6625660C89005BD93F /* Debug */,
				EBBE6C6725660C89005BD93F /* Release */,
			);
			defaultConfigurationIsVisible = 0;
			defaultConfigurationName = Release;
		};
/* End XCConfigurationList section */
	};
	rootObject = EBBE6C4925660C85005BD93F /* Project object */;
}
