// !$*UTF8*$!
{
	archiveVersion = 1;
	classes = {
	};
	objectVersion = 50;
	objects = {

/* Begin PBXBuildFile section */
		EB4E8BE62501DE8900E2EA16 /* AppDelegate.swift in Sources */ = {isa = PBXBuildFile; fileRef = EB4E8BE52501DE8900E2EA16 /* AppDelegate.swift */; };
		EB4E8BE82501DE8900E2EA16 /* SceneDelegate.swift in Sources */ = {isa = PBXBuildFile; fileRef = EB4E8BE72501DE8900E2EA16 /* SceneDelegate.swift */; };
		EB4E8BEA2501DE8900E2EA16 /* ViewController.swift in Sources */ = {isa = PBXBuildFile; fileRef = EB4E8BE92501DE8900E2EA16 /* ViewController.swift */; };
		EB4E8BED2501DE8900E2EA16 /* Main.storyboard in Resources */ = {isa = PBXBuildFile; fileRef = EB4E8BEB2501DE8900E2EA16 /* Main.storyboard */; };
		EB4E8BEF2501DE8D00E2EA16 /* Assets.xcassets in Resources */ = {isa = PBXBuildFile; fileRef = EB4E8BEE2501DE8D00E2EA16 /* Assets.xcassets */; };
		EB4E8BFD2501DE8E00E2EA16 /* DojoCalculadoraTests.swift in Sources */ = {isa = PBXBuildFile; fileRef = EB4E8BFC2501DE8E00E2EA16 /* DojoCalculadoraTests.swift */; };
/* End PBXBuildFile section */

/* Begin PBXContainerItemProxy section */
		EB4E8BF92501DE8D00E2EA16 /* PBXContainerItemProxy */ = {
			isa = PBXContainerItemProxy;
			containerPortal = EB4E8BDA2501DE8900E2EA16 /* Project object */;
			proxyType = 1;
			remoteGlobalIDString = EB4E8BE12501DE8900E2EA16;
			remoteInfo = DojoCalculadora;
		};
/* End PBXContainerItemProxy section */

/* Begin PBXFileReference section */
		EB4E8BE22501DE8900E2EA16 /* DojoCalculadora.app */ = {isa = PBXFileReference; explicitFileType = wrapper.application; includeInIndex = 0; path = DojoCalculadora.app; sourceTree = BUILT_PRODUCTS_DIR; };
		EB4E8BE52501DE8900E2EA16 /* AppDelegate.swift */ = {isa = PBXFileReference; lastKnownFileType = sourcecode.swift; path = AppDelegate.swift; sourceTree = "<group>"; };
		EB4E8BE72501DE8900E2EA16 /* SceneDelegate.swift */ = {isa = PBXFileReference; lastKnownFileType = sourcecode.swift; path = SceneDelegate.swift; sourceTree = "<group>"; };
		EB4E8BE92501DE8900E2EA16 /* ViewController.swift */ = {isa = PBXFileReference; lastKnownFileType = sourcecode.swift; path = ViewController.swift; sourceTree = "<group>"; };
		EB4E8BEC2501DE8900E2EA16 /* Base */ = {isa = PBXFileReference; lastKnownFileType = file.storyboard; name = Base; path = Base.lproj/Main.storyboard; sourceTree = "<group>"; };
		EB4E8BEE2501DE8D00E2EA16 /* Assets.xcassets */ = {isa = PBXFileReference; lastKnownFileType = folder.assetcatalog; path = Assets.xcassets; sourceTree = "<group>"; };
		EB4E8BF32501DE8D00E2EA16 /* Info.plist */ = {isa = PBXFileReference; lastKnownFileType = text.plist.xml; path = Info.plist; sourceTree = "<group>"; };
		EB4E8BF82501DE8D00E2EA16 /* DojoCalculadoraTests.xctest */ = {isa = PBXFileReference; explicitFileType = wrapper.cfbundle; includeInIndex = 0; path = DojoCalculadoraTests.xctest; sourceTree = BUILT_PRODUCTS_DIR; };
		EB4E8BFC2501DE8E00E2EA16 /* DojoCalculadoraTests.swift */ = {isa = PBXFileReference; lastKnownFileType = sourcecode.swift; path = DojoCalculadoraTests.swift; sourceTree = "<group>"; };
		EB4E8BFE2501DE8E00E2EA16 /* Info.plist */ = {isa = PBXFileReference; lastKnownFileType = text.plist.xml; path = Info.plist; sourceTree = "<group>"; };
/* End PBXFileReference section */

/* Begin PBXFrameworksBuildPhase section */
		EB4E8BDF2501DE8900E2EA16 /* Frameworks */ = {
			isa = PBXFrameworksBuildPhase;
			buildActionMask = 2147483647;
			files = (
			);
			runOnlyForDeploymentPostprocessing = 0;
		};
		EB4E8BF52501DE8D00E2EA16 /* Frameworks */ = {
			isa = PBXFrameworksBuildPhase;
			buildActionMask = 2147483647;
			files = (
			);
			runOnlyForDeploymentPostprocessing = 0;
		};
/* End PBXFrameworksBuildPhase section */

/* Begin PBXGroup section */
		EB4E8BD92501DE8900E2EA16 = {
			isa = PBXGroup;
			children = (
				EB4E8BE42501DE8900E2EA16 /* DojoCalculadora */,
				EB4E8BFB2501DE8E00E2EA16 /* DojoCalculadoraTests */,
				EB4E8BE32501DE8900E2EA16 /* Products */,
			);
			sourceTree = "<group>";
		};
		EB4E8BE32501DE8900E2EA16 /* Products */ = {
			isa = PBXGroup;
			children = (
				EB4E8BE22501DE8900E2EA16 /* DojoCalculadora.app */,
				EB4E8BF82501DE8D00E2EA16 /* DojoCalculadoraTests.xctest */,
			);
			name = Products;
			sourceTree = "<group>";
		};
		EB4E8BE42501DE8900E2EA16 /* DojoCalculadora */ = {
			isa = PBXGroup;
			children = (
				EB4E8BE52501DE8900E2EA16 /* AppDelegate.swift */,
				EB4E8BE72501DE8900E2EA16 /* SceneDelegate.swift */,
				EB4E8BE92501DE8900E2EA16 /* ViewController.swift */,
				EB4E8BEB2501DE8900E2EA16 /* Main.storyboard */,
				EB4E8BEE2501DE8D00E2EA16 /* Assets.xcassets */,
				EB4E8BF32501DE8D00E2EA16 /* Info.plist */,
			);
			path = DojoCalculadora;
			sourceTree = "<group>";
		};
		EB4E8BFB2501DE8E00E2EA16 /* DojoCalculadoraTests */ = {
			isa = PBXGroup;
			children = (
				EB4E8BFC2501DE8E00E2EA16 /* DojoCalculadoraTests.swift */,
				EB4E8BFE2501DE8E00E2EA16 /* Info.plist */,
			);
			path = DojoCalculadoraTests;
			sourceTree = "<group>";
		};
/* End PBXGroup section */

/* Begin PBXNativeTarget section */
		EB4E8BE12501DE8900E2EA16 /* DojoCalculadora */ = {
			isa = PBXNativeTarget;
			buildConfigurationList = EB4E8C012501DE8E00E2EA16 /* Build configuration list for PBXNativeTarget "DojoCalculadora" */;
			buildPhases = (
				EB4E8BDE2501DE8900E2EA16 /* Sources */,
				EB4E8BDF2501DE8900E2EA16 /* Frameworks */,
				EB4E8BE02501DE8900E2EA16 /* Resources */,
			);
			buildRules = (
			);
			dependencies = (
			);
			name = DojoCalculadora;
			productName = DojoCalculadora;
			productReference = EB4E8BE22501DE8900E2EA16 /* DojoCalculadora.app */;
			productType = "com.apple.product-type.application";
		};
		EB4E8BF72501DE8D00E2EA16 /* DojoCalculadoraTests */ = {
			isa = PBXNativeTarget;
			buildConfigurationList = EB4E8C042501DE8E00E2EA16 /* Build configuration list for PBXNativeTarget "DojoCalculadoraTests" */;
			buildPhases = (
				EB4E8BF42501DE8D00E2EA16 /* Sources */,
				EB4E8BF52501DE8D00E2EA16 /* Frameworks */,
				EB4E8BF62501DE8D00E2EA16 /* Resources */,
			);
			buildRules = (
			);
			dependencies = (
				EB4E8BFA2501DE8D00E2EA16 /* PBXTargetDependency */,
			);
			name = DojoCalculadoraTests;
			productName = DojoCalculadoraTests;
			productReference = EB4E8BF82501DE8D00E2EA16 /* DojoCalculadoraTests.xctest */;
			productType = "com.apple.product-type.bundle.unit-test";
		};
/* End PBXNativeTarget section */

/* Begin PBXProject section */
		EB4E8BDA2501DE8900E2EA16 /* Project object */ = {
			isa = PBXProject;
			attributes = {
				LastSwiftUpdateCheck = 1130;
				LastUpgradeCheck = 1130;
				ORGANIZATIONNAME = "Glayce Kelly";
				TargetAttributes = {
					EB4E8BE12501DE8900E2EA16 = {
						CreatedOnToolsVersion = 11.3.1;
					};
					EB4E8BF72501DE8D00E2EA16 = {
						CreatedOnToolsVersion = 11.3.1;
						TestTargetID = EB4E8BE12501DE8900E2EA16;
					};
				};
			};
			buildConfigurationList = EB4E8BDD2501DE8900E2EA16 /* Build configuration list for PBXProject "DojoCalculadora" */;
			compatibilityVersion = "Xcode 9.3";
			developmentRegion = en;
			hasScannedForEncodings = 0;
			knownRegions = (
				en,
				Base,
			);
			mainGroup = EB4E8BD92501DE8900E2EA16;
			productRefGroup = EB4E8BE32501DE8900E2EA16 /* Products */;
			projectDirPath = "";
			projectRoot = "";
			targets = (
				EB4E8BE12501DE8900E2EA16 /* DojoCalculadora */,
				EB4E8BF72501DE8D00E2EA16 /* DojoCalculadoraTests */,
			);
		};
/* End PBXProject section */

/* Begin PBXResourcesBuildPhase section */
		EB4E8BE02501DE8900E2EA16 /* Resources */ = {
			isa = PBXResourcesBuildPhase;
			buildActionMask = 2147483647;
			files = (
				EB4E8BEF2501DE8D00E2EA16 /* Assets.xcassets in Resources */,
				EB4E8BED2501DE8900E2EA16 /* Main.storyboard in Resources */,
			);
			runOnlyForDeploymentPostprocessing = 0;
		};
		EB4E8BF62501DE8D00E2EA16 /* Resources */ = {
			isa = PBXResourcesBuildPhase;
			buildActionMask = 2147483647;
			files = (
			);
			runOnlyForDeploymentPostprocessing = 0;
		};
/* End PBXResourcesBuildPhase section */

/* Begin PBXSourcesBuildPhase section */
		EB4E8BDE2501DE8900E2EA16 /* Sources */ = {
			isa = PBXSourcesBuildPhase;
			buildActionMask = 2147483647;
			files = (
				EB4E8BEA2501DE8900E2EA16 /* ViewController.swift in Sources */,
				EB4E8BE62501DE8900E2EA16 /* AppDelegate.swift in Sources */,
				EB4E8BE82501DE8900E2EA16 /* SceneDelegate.swift in Sources */,
			);
			runOnlyForDeploymentPostprocessing = 0;
		};
		EB4E8BF42501DE8D00E2EA16 /* Sources */ = {
			isa = PBXSourcesBuildPhase;
			buildActionMask = 2147483647;
			files = (
				EB4E8BFD2501DE8E00E2EA16 /* DojoCalculadoraTests.swift in Sources */,
			);
			runOnlyForDeploymentPostprocessing = 0;
		};
/* End PBXSourcesBuildPhase section */

/* Begin PBXTargetDependency section */
		EB4E8BFA2501DE8D00E2EA16 /* PBXTargetDependency */ = {
			isa = PBXTargetDependency;
			target = EB4E8BE12501DE8900E2EA16 /* DojoCalculadora */;
			targetProxy = EB4E8BF92501DE8D00E2EA16 /* PBXContainerItemProxy */;
		};
/* End PBXTargetDependency section */

/* Begin PBXVariantGroup section */
		EB4E8BEB2501DE8900E2EA16 /* Main.storyboard */ = {
			isa = PBXVariantGroup;
			children = (
				EB4E8BEC2501DE8900E2EA16 /* Base */,
			);
			name = Main.storyboard;
			sourceTree = "<group>";
		};
/* End PBXVariantGroup section */

/* Begin XCBuildConfiguration section */
		EB4E8BFF2501DE8E00E2EA16 /* Debug */ = {
			isa = XCBuildConfiguration;
			buildSettings = {
				ALWAYS_SEARCH_USER_PATHS = NO;
				CLANG_ANALYZER_NONNULL = YES;
				CLANG_ANALYZER_NUMBER_OBJECT_CONVERSION = YES_AGGRESSIVE;
				CLANG_CXX_LANGUAGE_STANDARD = "gnu++14";
				CLANG_CXX_LIBRARY = "libc++";
				CLANG_ENABLE_MODULES = YES;
				CLANG_ENABLE_OBJC_ARC = YES;
				CLANG_ENABLE_OBJC_WEAK = YES;
				CLANG_WARN_BLOCK_CAPTURE_AUTORELEASING = YES;
				CLANG_WARN_BOOL_CONVERSION = YES;
				CLANG_WARN_COMMA = YES;
				CLANG_WARN_CONSTANT_CONVERSION = YES;
				CLANG_WARN_DEPRECATED_OBJC_IMPLEMENTATIONS = YES;
				CLANG_WARN_DIRECT_OBJC_ISA_USAGE = YES_ERROR;
				CLANG_WARN_DOCUMENTATION_COMMENTS = YES;
				CLANG_WARN_EMPTY_BODY = YES;
				CLANG_WARN_ENUM_CONVERSION = YES;
				CLANG_WARN_INFINITE_RECURSION = YES;
				CLANG_WARN_INT_CONVERSION = YES;
				CLANG_WARN_NON_LITERAL_NULL_CONVERSION = YES;
				CLANG_WARN_OBJC_IMPLICIT_RETAIN_SELF = YES;
				CLANG_WARN_OBJC_LITERAL_CONVERSION = YES;
				CLANG_WARN_OBJC_ROOT_CLASS = YES_ERROR;
				CLANG_WARN_RANGE_LOOP_ANALYSIS = YES;
				CLANG_WARN_STRICT_PROTOTYPES = YES;
				CLANG_WARN_SUSPICIOUS_MOVE = YES;
				CLANG_WARN_UNGUARDED_AVAILABILITY = YES_AGGRESSIVE;
				CLANG_WARN_UNREACHABLE_CODE = YES;
				CLANG_WARN__DUPLICATE_METHOD_MATCH = YES;
				COPY_PHASE_STRIP = NO;
				DEBUG_INFORMATION_FORMAT = dwarf;
				ENABLE_STRICT_OBJC_MSGSEND = YES;
				ENABLE_TESTABILITY = YES;
				GCC_C_LANGUAGE_STANDARD = gnu11;
				GCC_DYNAMIC_NO_PIC = NO;
				GCC_NO_COMMON_BLOCKS = YES;
				GCC_OPTIMIZATION_LEVEL = 0;
				GCC_PREPROCESSOR_DEFINITIONS = (
					"DEBUG=1",
					"$(inherited)",
				);
				GCC_WARN_64_TO_32_BIT_CONVERSION = YES;
				GCC_WARN_ABOUT_RETURN_TYPE = YES_ERROR;
				GCC_WARN_UNDECLARED_SELECTOR = YES;
				GCC_WARN_UNINITIALIZED_AUTOS = YES_AGGRESSIVE;
				GCC_WARN_UNUSED_FUNCTION = YES;
				GCC_WARN_UNUSED_VARIABLE = YES;
				IPHONEOS_DEPLOYMENT_TARGET = 13.2;
				MTL_ENABLE_DEBUG_INFO = INCLUDE_SOURCE;
				MTL_FAST_MATH = YES;
				ONLY_ACTIVE_ARCH = YES;
				SDKROOT = iphoneos;
				SWIFT_ACTIVE_COMPILATION_CONDITIONS = DEBUG;
				SWIFT_OPTIMIZATION_LEVEL = "-Onone";
			};
			name = Debug;
		};
		EB4E8C002501DE8E00E2EA16 /* Release */ = {
			isa = XCBuildConfiguration;
			buildSettings = {
				ALWAYS_SEARCH_USER_PATHS = NO;
				CLANG_ANALYZER_NONNULL = YES;
				CLANG_ANALYZER_NUMBER_OBJECT_CONVERSION = YES_AGGRESSIVE;
				CLANG_CXX_LANGUAGE_STANDARD = "gnu++14";
				CLANG_CXX_LIBRARY = "libc++";
				CLANG_ENABLE_MODULES = YES;
				CLANG_ENABLE_OBJC_ARC = YES;
				CLANG_ENABLE_OBJC_WEAK = YES;
				CLANG_WARN_BLOCK_CAPTURE_AUTORELEASING = YES;
				CLANG_WARN_BOOL_CONVERSION = YES;
				CLANG_WARN_COMMA = YES;
				CLANG_WARN_CONSTANT_CONVERSION = YES;
				CLANG_WARN_DEPRECATED_OBJC_IMPLEMENTATIONS = YES;
				CLANG_WARN_DIRECT_OBJC_ISA_USAGE = YES_ERROR;
				CLANG_WARN_DOCUMENTATION_COMMENTS = YES;
				CLANG_WARN_EMPTY_BODY = YES;
				CLANG_WARN_ENUM_CONVERSION = YES;
				CLANG_WARN_INFINITE_RECURSION = YES;
				CLANG_WARN_INT_CONVERSION = YES;
				CLANG_WARN_NON_LITERAL_NULL_CONVERSION = YES;
				CLANG_WARN_OBJC_IMPLICIT_RETAIN_SELF = YES;
				CLANG_WARN_OBJC_LITERAL_CONVERSION = YES;
				CLANG_WARN_OBJC_ROOT_CLASS = YES_ERROR;
				CLANG_WARN_RANGE_LOOP_ANALYSIS = YES;
				CLANG_WARN_STRICT_PROTOTYPES = YES;
				CLANG_WARN_SUSPICIOUS_MOVE = YES;
				CLANG_WARN_UNGUARDED_AVAILABILITY = YES_AGGRESSIVE;
				CLANG_WARN_UNREACHABLE_CODE = YES;
				CLANG_WARN__DUPLICATE_METHOD_MATCH = YES;
				COPY_PHASE_STRIP = NO;
				DEBUG_INFORMATION_FORMAT = "dwarf-with-dsym";
				ENABLE_NS_ASSERTIONS = NO;
				ENABLE_STRICT_OBJC_MSGSEND = YES;
				GCC_C_LANGUAGE_STANDARD = gnu11;
				GCC_NO_COMMON_BLOCKS = YES;
				GCC_WARN_64_TO_32_BIT_CONVERSION = YES;
				GCC_WARN_ABOUT_RETURN_TYPE = YES_ERROR;
				GCC_WARN_UNDECLARED_SELECTOR = YES;
				GCC_WARN_UNINITIALIZED_AUTOS = YES_AGGRESSIVE;
				GCC_WARN_UNUSED_FUNCTION = YES;
				GCC_WARN_UNUSED_VARIABLE = YES;
				IPHONEOS_DEPLOYMENT_TARGET = 13.2;
				MTL_ENABLE_DEBUG_INFO = NO;
				MTL_FAST_MATH = YES;
				SDKROOT = iphoneos;
				SWIFT_COMPILATION_MODE = wholemodule;
				SWIFT_OPTIMIZATION_LEVEL = "-O";
				VALIDATE_PRODUCT = YES;
			};
			name = Release;
		};
		EB4E8C022501DE8E00E2EA16 /* Debug */ = {
			isa = XCBuildConfiguration;
			buildSettings = {
				ASSETCATALOG_COMPILER_APPICON_NAME = AppIcon;
				CODE_SIGN_STYLE = Automatic;
				INFOPLIST_FILE = DojoCalculadora/Info.plist;
				LD_RUNPATH_SEARCH_PATHS = (
					"$(inherited)",
					"@executable_path/Frameworks",
				);
				PRODUCT_BUNDLE_IDENTIFIER = com.teste.DojoCalculadora;
				PRODUCT_NAME = "$(TARGET_NAME)";
				SWIFT_VERSION = 5.0;
				TARGETED_DEVICE_FAMILY = "1,2";
			};
			name = Debug;
		};
		EB4E8C032501DE8E00E2EA16 /* Release */ = {
			isa = XCBuildConfiguration;
			buildSettings = {
				ASSETCATALOG_COMPILER_APPICON_NAME = AppIcon;
				CODE_SIGN_STYLE = Automatic;
				INFOPLIST_FILE = DojoCalculadora/Info.plist;
				LD_RUNPATH_SEARCH_PATHS = (
					"$(inherited)",
					"@executable_path/Frameworks",
				);
				PRODUCT_BUNDLE_IDENTIFIER = com.teste.DojoCalculadora;
				PRODUCT_NAME = "$(TARGET_NAME)";
				SWIFT_VERSION = 5.0;
				TARGETED_DEVICE_FAMILY = "1,2";
			};
			name = Release;
		};
		EB4E8C052501DE8E00E2EA16 /* Debug */ = {
			isa = XCBuildConfiguration;
			buildSettings = {
				ALWAYS_EMBED_SWIFT_STANDARD_LIBRARIES = YES;
				BUNDLE_LOADER = "$(TEST_HOST)";
				CODE_SIGN_STYLE = Automatic;
				INFOPLIST_FILE = DojoCalculadoraTests/Info.plist;
				IPHONEOS_DEPLOYMENT_TARGET = 13.2;
				LD_RUNPATH_SEARCH_PATHS = (
					"$(inherited)",
					"@executable_path/Frameworks",
					"@loader_path/Frameworks",
				);
				PRODUCT_BUNDLE_IDENTIFIER = com.teste.DojoCalculadoraTests;
				PRODUCT_NAME = "$(TARGET_NAME)";
				SWIFT_VERSION = 5.0;
				TARGETED_DEVICE_FAMILY = "1,2";
				TEST_HOST = "$(BUILT_PRODUCTS_DIR)/DojoCalculadora.app/DojoCalculadora";
			};
			name = Debug;
		};
		EB4E8C062501DE8E00E2EA16 /* Release */ = {
			isa = XCBuildConfiguration;
			buildSettings = {
				ALWAYS_EMBED_SWIFT_STANDARD_LIBRARIES = YES;
				BUNDLE_LOADER = "$(TEST_HOST)";
				CODE_SIGN_STYLE = Automatic;
				INFOPLIST_FILE = DojoCalculadoraTests/Info.plist;
				IPHONEOS_DEPLOYMENT_TARGET = 13.2;
				LD_RUNPATH_SEARCH_PATHS = (
					"$(inherited)",
					"@executable_path/Frameworks",
					"@loader_path/Frameworks",
				);
				PRODUCT_BUNDLE_IDENTIFIER = com.teste.DojoCalculadoraTests;
				PRODUCT_NAME = "$(TARGET_NAME)";
				SWIFT_VERSION = 5.0;
				TARGETED_DEVICE_FAMILY = "1,2";
				TEST_HOST = "$(BUILT_PRODUCTS_DIR)/DojoCalculadora.app/DojoCalculadora";
			};
			name = Release;
		};
/* End XCBuildConfiguration section */

/* Begin XCConfigurationList section */
		EB4E8BDD2501DE8900E2EA16 /* Build configuration list for PBXProject "DojoCalculadora" */ = {
			isa = XCConfigurationList;
			buildConfigurations = (
				EB4E8BFF2501DE8E00E2EA16 /* Debug */,
				EB4E8C002501DE8E00E2EA16 /* Release */,
			);
			defaultConfigurationIsVisible = 0;
			defaultConfigurationName = Release;
		};
		EB4E8C012501DE8E00E2EA16 /* Build configuration list for PBXNativeTarget "DojoCalculadora" */ = {
			isa = XCConfigurationList;
			buildConfigurations = (
				EB4E8C022501DE8E00E2EA16 /* Debug */,
				EB4E8C032501DE8E00E2EA16 /* Release */,
			);
			defaultConfigurationIsVisible = 0;
			defaultConfigurationName = Release;
		};
		EB4E8C042501DE8E00E2EA16 /* Build configuration list for PBXNativeTarget "DojoCalculadoraTests" */ = {
			isa = XCConfigurationList;
			buildConfigurations = (
				EB4E8C052501DE8E00E2EA16 /* Debug */,
				EB4E8C062501DE8E00E2EA16 /* Release */,
			);
			defaultConfigurationIsVisible = 0;
			defaultConfigurationName = Release;
		};
/* End XCConfigurationList section */
	};
	rootObject = EB4E8BDA2501DE8900E2EA16 /* Project object */;
}
